// !$*UTF8*$!
{
	archiveVersion = 1;
	classes = {
	};
	objectVersion = 48;
	objects = {

/* Begin PBXBuildFile section */
		52541C9B2084442900729580 /* AppDelegate.m in Sources */ = {isa = PBXBuildFile; fileRef = 52541C9A2084442900729580 /* AppDelegate.m */; };
		52541C9E2084442900729580 /* ViewController.m in Sources */ = {isa = PBXBuildFile; fileRef = 52541C9D2084442900729580 /* ViewController.m */; };
		52541CA12084442900729580 /* Main.storyboard in Resources */ = {isa = PBXBuildFile; fileRef = 52541C9F2084442900729580 /* Main.storyboard */; };
		52541CA32084442900729580 /* Assets.xcassets in Resources */ = {isa = PBXBuildFile; fileRef = 52541CA22084442900729580 /* Assets.xcassets */; };
		52541CA62084442900729580 /* LaunchScreen.storyboard in Resources */ = {isa = PBXBuildFile; fileRef = 52541CA42084442900729580 /* LaunchScreen.storyboard */; };
		52541CA92084442900729580 /* main.m in Sources */ = {isa = PBXBuildFile; fileRef = 52541CA82084442900729580 /* main.m */; };
/* End PBXBuildFile section */

/* Begin PBXFileReference section */
		52541C962084442900729580 /* AnimationBeginnerCook.app */ = {isa = PBXFileReference; explicitFileType = wrapper.application; includeInIndex = 0; path = AnimationBeginnerCook.app; sourceTree = BUILT_PRODUCTS_DIR; };
		52541C992084442900729580 /* AppDelegate.h */ = {isa = PBXFileReference; lastKnownFileType = sourcecode.c.h; path = AppDelegate.h; sourceTree = "<group>"; };
		52541C9A2084442900729580 /* AppDelegate.m */ = {isa = PBXFileReference; lastKnownFileType = sourcecode.c.objc; path = AppDelegate.m; sourceTree = "<group>"; };
		52541C9C2084442900729580 /* ViewController.h */ = {isa = PBXFileReference; lastKnownFileType = sourcecode.c.h; path = ViewController.h; sourceTree = "<group>"; };
		52541C9D2084442900729580 /* ViewController.m */ = {isa = PBXFileReference; lastKnownFileType = sourcecode.c.objc; path = ViewController.m; sourceTree = "<group>"; };
		52541CA02084442900729580 /* Base */ = {isa = PBXFileReference; lastKnownFileType = file.storyboard; name = Base; path = Base.lproj/Main.storyboard; sourceTree = "<group>"; };
		52541CA22084442900729580 /* Assets.xcassets */ = {isa = PBXFileReference; lastKnownFileType = folder.assetcatalog; path = Assets.xcassets; sourceTree = "<group>"; };
		52541CA52084442900729580 /* Base */ = {isa = PBXFileReference; lastKnownFileType = file.storyboard; name = Base; path = Base.lproj/LaunchScreen.storyboard; sourceTree = "<group>"; };
		52541CA72084442900729580 /* Info.plist */ = {isa = PBXFileReference; lastKnownFileType = text.plist.xml; path = Info.plist; sourceTree = "<group>"; };
		52541CA82084442900729580 /* main.m */ = {isa = PBXFileReference; lastKnownFileType = sourcecode.c.objc; path = main.m; sourceTree = "<group>"; };
/* End PBXFileReference section */

/* Begin PBXFrameworksBuildPhase section */
		52541C932084442900729580 /* Frameworks */ = {
			isa = PBXFrameworksBuildPhase;
			buildActionMask = 2147483647;
			files = (
			);
			runOnlyForDeploymentPostprocessing = 0;
		};
/* End PBXFrameworksBuildPhase section */

/* Begin PBXGroup section */
		52541C8D2084442900729580 = {
			isa = PBXGroup;
			children = (
				52541C982084442900729580 /* AnimationBeginnerCook */,
				52541C972084442900729580 /* Products */,
			);
			sourceTree = "<group>";
		};
		52541C972084442900729580 /* Products */ = {
			isa = PBXGroup;
			children = (
				52541C962084442900729580 /* AnimationBeginnerCook.app */,
			);
			name = Products;
			sourceTree = "<group>";
		};
		52541C982084442900729580 /* AnimationBeginnerCook */ = {
			isa = PBXGroup;
			children = (
				52541C992084442900729580 /* AppDelegate.h */,
				52541C9A2084442900729580 /* AppDelegate.m */,
				52541C9C2084442900729580 /* ViewController.h */,
				52541C9D2084442900729580 /* ViewController.m */,
				52541C9F2084442900729580 /* Main.storyboard */,
				52541CA22084442900729580 /* Assets.xcassets */,
				52541CA42084442900729580 /* LaunchScreen.storyboard */,
				52541CA72084442900729580 /* Info.plist */,
				52541CA82084442900729580 /* main.m */,
			);
			path = AnimationBeginnerCook;
			sourceTree = "<group>";
		};
/* End PBXGroup section */

/* Begin PBXNativeTarget section */
		52541C952084442900729580 /* AnimationBeginnerCook */ = {
			isa = PBXNativeTarget;
			buildConfigurationList = 52541CAC2084442900729580 /* Build configuration list for PBXNativeTarget "AnimationBeginnerCook" */;
			buildPhases = (
				52541C922084442900729580 /* Sources */,
				52541C932084442900729580 /* Frameworks */,
				52541C942084442900729580 /* Resources */,
			);
			buildRules = (
			);
			dependencies = (
			);
			name = AnimationBeginnerCook;
			productName = AnimationBeginnerCook;
			productReference = 52541C962084442900729580 /* AnimationBeginnerCook.app */;
			productType = "com.apple.product-type.application";
		};
/* End PBXNativeTarget section */

/* Begin PBXProject section */
		52541C8E2084442900729580 /* Project object */ = {
			isa = PBXProject;
			attributes = {
				LastUpgradeCheck = 0920;
				ORGANIZATIONNAME = "Kevin Yan";
				TargetAttributes = {
					52541C952084442900729580 = {
						CreatedOnToolsVersion = 9.2;
						ProvisioningStyle = Automatic;
					};
				};
			};
			buildConfigurationList = 52541C912084442900729580 /* Build configuration list for PBXProject "AnimationBeginnerCook" */;
			compatibilityVersion = "Xcode 8.0";
			developmentRegion = en;
			hasScannedForEncodings = 0;
			knownRegions = (
				en,
				Base,
			);
			mainGroup = 52541C8D2084442900729580;
			productRefGroup = 52541C972084442900729580 /* Products */;
			projectDirPath = "";
			projectRoot = "";
			targets = (
				52541C952084442900729580 /* AnimationBeginnerCook */,
			);
		};
/* End PBXProject section */

/* Begin PBXResourcesBuildPhase section */
		52541C942084442900729580 /* Resources */ = {
			isa = PBXResourcesBuildPhase;
			buildActionMask = 2147483647;
			files = (
				52541CA62084442900729580 /* LaunchScreen.storyboard in Resources */,
				52541CA32084442900729580 /* Assets.xcassets in Resources */,
				52541CA12084442900729580 /* Main.storyboard in Resources */,
			);
			runOnlyForDeploymentPostprocessing = 0;
		};
/* End PBXResourcesBuildPhase section */

/* Begin PBXSourcesBuildPhase section */
		52541C922084442900729580 /* Sources */ = {
			isa = PBXSourcesBuildPhase;
			buildActionMask = 2147483647;
			files = (
				52541C9E2084442900729580 /* ViewController.m in Sources */,
				52541CA92084442900729580 /* main.m in Sources */,
				52541C9B2084442900729580 /* AppDelegate.m in Sources */,
			);
			runOnlyForDeploymentPostprocessing = 0;
		};
/* End PBXSourcesBuildPhase section */

/* Begin PBXVariantGroup section */
		52541C9F2084442900729580 /* Main.storyboard */ = {
			isa = PBXVariantGroup;
			children = (
				52541CA02084442900729580 /* Base */,
			);
			name = Main.storyboard;
			sourceTree = "<group>";
		};
		52541CA42084442900729580 /* LaunchScreen.storyboard */ = {
			isa = PBXVariantGroup;
			children = (
				52541CA52084442900729580 /* Base */,
			);
			name = LaunchScreen.storyboard;
			sourceTree = "<group>";
		};
/* End PBXVariantGroup section */

/* Begin XCBuildConfiguration section */
		52541CAA2084442900729580 /* Debug */ = {
			isa = XCBuildConfiguration;
			buildSettings = {
				ALWAYS_SEARCH_USER_PATHS = NO;
				CLANG_ANALYZER_NONNULL = YES;
				CLANG_ANALYZER_NUMBER_OBJECT_CONVERSION = YES_AGGRESSIVE;
				CLANG_CXX_LANGUAGE_STANDARD = "gnu++14";
				CLANG_CXX_LIBRARY = "libc++";
				CLANG_ENABLE_MODULES = YES;
				CLANG_ENABLE_OBJC_ARC = YES;
				CLANG_WARN_BLOCK_CAPTURE_AUTORELEASING = YES;
				CLANG_WARN_BOOL_CONVERSION = YES;
				CLANG_WARN_COMMA = YES;
				CLANG_WARN_CONSTANT_CONVERSION = YES;
				CLANG_WARN_DIRECT_OBJC_ISA_USAGE = YES_ERROR;
				CLANG_WARN_DOCUMENTATION_COMMENTS = YES;
				CLANG_WARN_EMPTY_BODY = YES;
				CLANG_WARN_ENUM_CONVERSION = YES;
				CLANG_WARN_INFINITE_RECURSION = YES;
				CLANG_WARN_INT_CONVERSION = YES;
				CLANG_WARN_NON_LITERAL_NULL_CONVERSION = YES;
				CLANG_WARN_OBJC_LITERAL_CONVERSION = YES;
				CLANG_WARN_OBJC_ROOT_CLASS = YES_ERROR;
				CLANG_WARN_RANGE_LOOP_ANALYSIS = YES;
				CLANG_WARN_STRICT_PROTOTYPES = YES;
				CLANG_WARN_SUSPICIOUS_MOVE = YES;
				CLANG_WARN_UNGUARDED_AVAILABILITY = YES_AGGRESSIVE;
				CLANG_WARN_UNREACHABLE_CODE = YES;
				CLANG_WARN__DUPLICATE_METHOD_MATCH = YES;
				CODE_SIGN_IDENTITY = "iPhone Developer";
				COPY_PHASE_STRIP = NO;
				DEBUG_INFORMATION_FORMAT = dwarf;
				ENABLE_STRICT_OBJC_MSGSEND = YES;
				ENABLE_TESTABILITY = YES;
				GCC_C_LANGUAGE_STANDARD = gnu11;
				GCC_DYNAMIC_NO_PIC = NO;
				GCC_NO_COMMON_BLOCKS = YES;
				GCC_OPTIMIZATION_LEVEL = 0;
				GCC_PREPROCESSOR_DEFINITIONS = (
					"DEBUG=1",
					"$(inherited)",
				);
				GCC_WARN_64_TO_32_BIT_CONVERSION = YES;
				GCC_WARN_ABOUT_RETURN_TYPE = YES_ERROR;
				GCC_WARN_UNDECLARED_SELECTOR = YES;
				GCC_WARN_UNINITIALIZED_AUTOS = YES_AGGRESSIVE;
				GCC_WARN_UNUSED_FUNCTION = YES;
				GCC_WARN_UNUSED_VARIABLE = YES;
				IPHONEOS_DEPLOYMENT_TARGET = 11.2;
				MTL_ENABLE_DEBUG_INFO = YES;
				ONLY_ACTIVE_ARCH = YES;
				SDKROOT = iphoneos;
			};
			name = Debug;
		};
		52541CAB2084442900729580 /* Release */ = {
			isa = XCBuildConfiguration;
			buildSettings = {
				ALWAYS_SEARCH_USER_PATHS = NO;
				CLANG_ANALYZER_NONNULL = YES;
				CLANG_ANALYZER_NUMBER_OBJECT_CONVERSION = YES_AGGRESSIVE;
				CLANG_CXX_LANGUAGE_STANDARD = "gnu++14";
				CLANG_CXX_LIBRARY = "libc++";
				CLANG_ENABLE_MODULES = YES;
				CLANG_ENABLE_OBJC_ARC = YES;
				CLANG_WARN_BLOCK_CAPTURE_AUTORELEASING = YES;
				CLANG_WARN_BOOL_CONVERSION = YES;
				CLANG_WARN_COMMA = YES;
				CLANG_WARN_CONSTANT_CONVERSION = YES;
				CLANG_WARN_DIRECT_OBJC_ISA_USAGE = YES_ERROR;
				CLANG_WARN_DOCUMENTATION_COMMENTS = YES;
				CLANG_WARN_EMPTY_BODY = YES;
				CLANG_WARN_ENUM_CONVERSION = YES;
				CLANG_WARN_INFINITE_RECURSION = YES;
				CLANG_WARN_INT_CONVERSION = YES;
				CLANG_WARN_NON_LITERAL_NULL_CONVERSION = YES;
				CLANG_WARN_OBJC_LITERAL_CONVERSION = YES;
				CLANG_WARN_OBJC_ROOT_CLASS = YES_ERROR;
				CLANG_WARN_RANGE_LOOP_ANALYSIS = YES;
				CLANG_WARN_STRICT_PROTOTYPES = YES;
				CLANG_WARN_SUSPICIOUS_MOVE = YES;
				CLANG_WARN_UNGUARDED_AVAILABILITY = YES_AGGRESSIVE;
				CLANG_WARN_UNREACHABLE_CODE = YES;
				CLANG_WARN__DUPLICATE_METHOD_MATCH = YES;
				CODE_SIGN_IDENTITY = "iPhone Developer";
				COPY_PHASE_STRIP = NO;
				DEBUG_INFORMATION_FORMAT = "dwarf-with-dsym";
				ENABLE_NS_ASSERTIONS = NO;
				ENABLE_STRICT_OBJC_MSGSEND = YES;
				GCC_C_LANGUAGE_STANDARD = gnu11;
				GCC_NO_COMMON_BLOCKS = YES;
				GCC_WARN_64_TO_32_BIT_CONVERSION = YES;
				GCC_WARN_ABOUT_RETURN_TYPE = YES_ERROR;
				GCC_WARN_UNDECLARED_SELECTOR = YES;
				GCC_WARN_UNINITIALIZED_AUTOS = YES_AGGRESSIVE;
				GCC_WARN_UNUSED_FUNCTION = YES;
				GCC_WARN_UNUSED_VARIABLE = YES;
				IPHONEOS_DEPLOYMENT_TARGET = 11.2;
				MTL_ENABLE_DEBUG_INFO = NO;
				SDKROOT = iphoneos;
				VALIDATE_PRODUCT = YES;
			};
			name = Release;
		};
		52541CAD2084442900729580 /* Debug */ = {
			isa = XCBuildConfiguration;
			buildSettings = {
				ASSETCATALOG_COMPILER_APPICON_NAME = AppIcon;
				CODE_SIGN_STYLE = Automatic;
				DEVELOPMENT_TEAM = GYX9ZA9RA8;
				INFOPLIST_FILE = AnimationBeginnerCook/Info.plist;
				LD_RUNPATH_SEARCH_PATHS = "$(inherited) @executable_path/Frameworks";
				PRODUCT_BUNDLE_IDENTIFIER = Kevin.Y.AnimationBeginnerCook;
				PRODUCT_NAME = "$(TARGET_NAME)";
				TARGETED_DEVICE_FAMILY = "1,2";
			};
			name = Debug;
		};
		52541CAE2084442900729580 /* Release */ = {
			isa = XCBuildConfiguration;
			buildSettings = {
				ASSETCATALOG_COMPILER_APPICON_NAME = AppIcon;
				CODE_SIGN_STYLE = Automatic;
				DEVELOPMENT_TEAM = GYX9ZA9RA8;
				INFOPLIST_FILE = AnimationBeginnerCook/Info.plist;
				LD_RUNPATH_SEARCH_PATHS = "$(inherited) @executable_path/Frameworks";
				PRODUCT_BUNDLE_IDENTIFIER = Kevin.Y.AnimationBeginnerCook;
				PRODUCT_NAME = "$(TARGET_NAME)";
				TARGETED_DEVICE_FAMILY = "1,2";
			};
			name = Release;
		};
/* End XCBuildConfiguration section */

/* Begin XCConfigurationList section */
		52541C912084442900729580 /* Build configuration list for PBXProject "AnimationBeginnerCook" */ = {
			isa = XCConfigurationList;
			buildConfigurations = (
				52541CAA2084442900729580 /* Debug */,
				52541CAB2084442900729580 /* Release */,
			);
			defaultConfigurationIsVisible = 0;
			defaultConfigurationName = Release;
		};
		52541CAC2084442900729580 /* Build configuration list for PBXNativeTarget "AnimationBeginnerCook" */ = {
			isa = XCConfigurationList;
			buildConfigurations = (
				52541CAD2084442900729580 /* Debug */,
				52541CAE2084442900729580 /* Release */,
			);
			defaultConfigurationIsVisible = 0;
			defaultConfigurationName = Release;
		};
/* End XCConfigurationList section */
	};
	rootObject = 52541C8E2084442900729580 /* Project object */;
}
